
Microsoft Visual Studio Solution File, Format Version 12.00
# Visual Studio 15
VisualStudioVersion = 15.0.26608.5
MinimumVisualStudioVersion = 10.0.40219.1
Project("{FAE04EC0-301F-11D3-BF4B-00C04F79EFBC}") = "DigiNerve Drivers", "Xantech MRC88\DigiNerve Drivers.csproj", "{06566433-D90C-4517-B451-92D76F767532}"
EndProject
Project("{2150E333-8FDC-42A3-9474-1A3956D46DE8}") = "Solution Items", "Solution Items", "{ABF37673-098F-410A-9076-8B9DBE030357}"
	ProjectSection(SolutionItems) = preProject
		References\CodecoreTechnologies.Elve.dll = References\CodecoreTechnologies.Elve.dll
		References\CodecoreTechnologies.Elve.XML = References\CodecoreTechnologies.Elve.XML
	EndProjectSection
EndProject
Global
	GlobalSection(SolutionConfigurationPlatforms) = preSolution
		Debug|Any CPU = Debug|Any CPU
		Release|Any CPU = Release|Any CPU
	EndGlobalSection
	GlobalSection(ProjectConfigurationPlatforms) = postSolution
		{06566433-D90C-4517-B451-92D76F767532}.Debug|Any CPU.ActiveCfg = Debug|Any CPU
		{06566433-D90C-4517-B451-92D76F767532}.Debug|Any CPU.Build.0 = Debug|Any CPU
		{06566433-D90C-4517-B451-92D76F767532}.Release|Any CPU.ActiveCfg = Release|Any CPU
		{06566433-D90C-4517-B451-92D76F767532}.Release|Any CPU.Build.0 = Release|Any CPU
	EndGlobalSection
	GlobalSection(SolutionProperties) = preSolution
		HideSolutionNode = FALSE
	EndGlobalSection
EndGlobal
